// !$*UTF8*$!
{
	archiveVersion = 1;
	classes = {
	};
	objectVersion = 56;
	objects = {

/* Begin PBXBuildFile section */
		AB1111372C94F6F400B39613 /* ProductView.swift in Sources */ = {isa = PBXBuildFile; fileRef = AB1111362C94F6F400B39613 /* ProductView.swift */; };
		ABC93B072C95268A00AA5E0A /* MyItemView.swift in Sources */ = {isa = PBXBuildFile; fileRef = ABC93B062C95268A00AA5E0A /* MyItemView.swift */; };
		ABC93B092C95269700AA5E0A /* CartView.swift in Sources */ = {isa = PBXBuildFile; fileRef = ABC93B082C95269700AA5E0A /* CartView.swift */; };
		ABC93B0B2C9528CA00AA5E0A /* ItemView.swift in Sources */ = {isa = PBXBuildFile; fileRef = ABC93B0A2C9528CA00AA5E0A /* ItemView.swift */; };
		ABC93B0D2C952F0400AA5E0A /* Styles.swift in Sources */ = {isa = PBXBuildFile; fileRef = ABC93B0C2C952F0400AA5E0A /* Styles.swift */; };
		ABC93B0F2C95405F00AA5E0A /* Color-Theme.swift in Sources */ = {isa = PBXBuildFile; fileRef = ABC93B0E2C95405F00AA5E0A /* Color-Theme.swift */; };
		ABD4B9DD2C93D7C500FB6E03 /* AppTeamTechnicalApp.swift in Sources */ = {isa = PBXBuildFile; fileRef = ABD4B9DC2C93D7C500FB6E03 /* AppTeamTechnicalApp.swift */; };
		ABD4B9DF2C93D7C500FB6E03 /* ContentView.swift in Sources */ = {isa = PBXBuildFile; fileRef = ABD4B9DE2C93D7C500FB6E03 /* ContentView.swift */; };
		ABD4B9E12C93D7C700FB6E03 /* Assets.xcassets in Resources */ = {isa = PBXBuildFile; fileRef = ABD4B9E02C93D7C700FB6E03 /* Assets.xcassets */; };
		ABD4B9E42C93D7C700FB6E03 /* Preview Assets.xcassets in Resources */ = {isa = PBXBuildFile; fileRef = ABD4B9E32C93D7C700FB6E03 /* Preview Assets.xcassets */; };
		ABD7B8B92C95A5E100D0E210 /* ProductViewModel.swift in Sources */ = {isa = PBXBuildFile; fileRef = ABD7B8B82C95A5E100D0E210 /* ProductViewModel.swift */; };
		ABD7B8BD2C95A71600D0E210 /* ProductModel.swift in Sources */ = {isa = PBXBuildFile; fileRef = ABD7B8BC2C95A71600D0E210 /* ProductModel.swift */; };
/* End PBXBuildFile section */

/* Begin PBXFileReference section */
		AB1111362C94F6F400B39613 /* ProductView.swift */ = {isa = PBXFileReference; lastKnownFileType = sourcecode.swift; path = ProductView.swift; sourceTree = "<group>"; };
		ABC93B062C95268A00AA5E0A /* MyItemView.swift */ = {isa = PBXFileReference; lastKnownFileType = sourcecode.swift; path = MyItemView.swift; sourceTree = "<group>"; };
		ABC93B082C95269700AA5E0A /* CartView.swift */ = {isa = PBXFileReference; lastKnownFileType = sourcecode.swift; path = CartView.swift; sourceTree = "<group>"; };
		ABC93B0A2C9528CA00AA5E0A /* ItemView.swift */ = {isa = PBXFileReference; lastKnownFileType = sourcecode.swift; path = ItemView.swift; sourceTree = "<group>"; };
		ABC93B0C2C952F0400AA5E0A /* Styles.swift */ = {isa = PBXFileReference; lastKnownFileType = sourcecode.swift; path = Styles.swift; sourceTree = "<group>"; };
		ABC93B0E2C95405F00AA5E0A /* Color-Theme.swift */ = {isa = PBXFileReference; lastKnownFileType = sourcecode.swift; path = "Color-Theme.swift"; sourceTree = "<group>"; };
		ABD4B9D92C93D7C500FB6E03 /* AppTeamTechnical.app */ = {isa = PBXFileReference; explicitFileType = wrapper.application; includeInIndex = 0; path = AppTeamTechnical.app; sourceTree = BUILT_PRODUCTS_DIR; };
		ABD4B9DC2C93D7C500FB6E03 /* AppTeamTechnicalApp.swift */ = {isa = PBXFileReference; lastKnownFileType = sourcecode.swift; path = AppTeamTechnicalApp.swift; sourceTree = "<group>"; };
		ABD4B9DE2C93D7C500FB6E03 /* ContentView.swift */ = {isa = PBXFileReference; lastKnownFileType = sourcecode.swift; path = ContentView.swift; sourceTree = "<group>"; };
		ABD4B9E02C93D7C700FB6E03 /* Assets.xcassets */ = {isa = PBXFileReference; lastKnownFileType = folder.assetcatalog; path = Assets.xcassets; sourceTree = "<group>"; };
		ABD4B9E32C93D7C700FB6E03 /* Preview Assets.xcassets */ = {isa = PBXFileReference; lastKnownFileType = folder.assetcatalog; path = "Preview Assets.xcassets"; sourceTree = "<group>"; };
		ABD7B8B82C95A5E100D0E210 /* ProductViewModel.swift */ = {isa = PBXFileReference; lastKnownFileType = sourcecode.swift; path = ProductViewModel.swift; sourceTree = "<group>"; };
		ABD7B8BC2C95A71600D0E210 /* ProductModel.swift */ = {isa = PBXFileReference; lastKnownFileType = sourcecode.swift; path = ProductModel.swift; sourceTree = "<group>"; };
/* End PBXFileReference section */

/* Begin PBXFrameworksBuildPhase section */
		ABD4B9D62C93D7C500FB6E03 /* Frameworks */ = {
			isa = PBXFrameworksBuildPhase;
			buildActionMask = 2147483647;
			files = (
			);
			runOnlyForDeploymentPostprocessing = 0;
		};
/* End PBXFrameworksBuildPhase section */

/* Begin PBXGroup section */
		ABD4B9D02C93D7C500FB6E03 = {
			isa = PBXGroup;
			children = (
				ABD4B9DB2C93D7C500FB6E03 /* AppTeamTechnical */,
				ABD4B9DA2C93D7C500FB6E03 /* Products */,
			);
			sourceTree = "<group>";
		};
		ABD4B9DA2C93D7C500FB6E03 /* Products */ = {
			isa = PBXGroup;
			children = (
				ABD4B9D92C93D7C500FB6E03 /* AppTeamTechnical.app */,
			);
			name = Products;
			sourceTree = "<group>";
		};
		ABD4B9DB2C93D7C500FB6E03 /* AppTeamTechnical */ = {
			isa = PBXGroup;
			children = (
				ABD4B9DC2C93D7C500FB6E03 /* AppTeamTechnicalApp.swift */,
				ABD7B8BE2C95A9F500D0E210 /* Style */,
				AB1111362C94F6F400B39613 /* ProductView.swift */,
				ABD7B8B82C95A5E100D0E210 /* ProductViewModel.swift */,
				ABC93B0C2C952F0400AA5E0A /* Styles.swift */,
				ABC93B0E2C95405F00AA5E0A /* Color-Theme.swift */,
				ABD7B8BC2C95A71600D0E210 /* ProductModel.swift */,
				ABC93B062C95268A00AA5E0A /* MyItemView.swift */,
				ABC93B082C95269700AA5E0A /* CartView.swift */,
				ABC93B0A2C9528CA00AA5E0A /* ItemView.swift */,
				ABD4B9DE2C93D7C500FB6E03 /* ContentView.swift */,
				ABD4B9E02C93D7C700FB6E03 /* Assets.xcassets */,
				ABD4B9E22C93D7C700FB6E03 /* Preview Content */,
			);
			path = AppTeamTechnical;
			sourceTree = "<group>";
		};
		ABD4B9E22C93D7C700FB6E03 /* Preview Content */ = {
			isa = PBXGroup;
			children = (
				ABD4B9E32C93D7C700FB6E03 /* Preview Assets.xcassets */,
			);
			path = "Preview Content";
			sourceTree = "<group>";
		};
		ABD7B8BE2C95A9F500D0E210 /* Style */ = {
			isa = PBXGroup;
			children = (
			);
			path = Style;
			sourceTree = "<group>";
		};
/* End PBXGroup section */

/* Begin PBXNativeTarget section */
		ABD4B9D82C93D7C500FB6E03 /* AppTeamTechnical */ = {
			isa = PBXNativeTarget;
			buildConfigurationList = ABD4B9E72C93D7C700FB6E03 /* Build configuration list for PBXNativeTarget "AppTeamTechnical" */;
			buildPhases = (
				ABD4B9D52C93D7C500FB6E03 /* Sources */,
				ABD4B9D62C93D7C500FB6E03 /* Frameworks */,
				ABD4B9D72C93D7C500FB6E03 /* Resources */,
			);
			buildRules = (
			);
			dependencies = (
			);
			name = AppTeamTechnical;
			productName = AppTeamTechnical;
			productReference = ABD4B9D92C93D7C500FB6E03 /* AppTeamTechnical.app */;
			productType = "com.apple.product-type.application";
		};
/* End PBXNativeTarget section */

/* Begin PBXProject section */
		ABD4B9D12C93D7C500FB6E03 /* Project object */ = {
			isa = PBXProject;
			attributes = {
				BuildIndependentTargetsInParallel = 1;
				LastSwiftUpdateCheck = 1540;
				LastUpgradeCheck = 1540;
				TargetAttributes = {
					ABD4B9D82C93D7C500FB6E03 = {
						CreatedOnToolsVersion = 15.4;
					};
				};
			};
			buildConfigurationList = ABD4B9D42C93D7C500FB6E03 /* Build configuration list for PBXProject "AppTeamTechnical" */;
			compatibilityVersion = "Xcode 14.0";
			developmentRegion = en;
			hasScannedForEncodings = 0;
			knownRegions = (
				en,
				Base,
			);
			mainGroup = ABD4B9D02C93D7C500FB6E03;
			productRefGroup = ABD4B9DA2C93D7C500FB6E03 /* Products */;
			projectDirPath = "";
			projectRoot = "";
			targets = (
				ABD4B9D82C93D7C500FB6E03 /* AppTeamTechnical */,
			);
		};
/* End PBXProject section */

/* Begin PBXResourcesBuildPhase section */
		ABD4B9D72C93D7C500FB6E03 /* Resources */ = {
			isa = PBXResourcesBuildPhase;
			buildActionMask = 2147483647;
			files = (
				ABD4B9E42C93D7C700FB6E03 /* Preview Assets.xcassets in Resources */,
				ABD4B9E12C93D7C700FB6E03 /* Assets.xcassets in Resources */,
			);
			runOnlyForDeploymentPostprocessing = 0;
		};
/* End PBXResourcesBuildPhase section */

/* Begin PBXSourcesBuildPhase section */
		ABD4B9D52C93D7C500FB6E03 /* Sources */ = {
			isa = PBXSourcesBuildPhase;
			buildActionMask = 2147483647;
			files = (
				ABC93B092C95269700AA5E0A /* CartView.swift in Sources */,
				ABC93B0D2C952F0400AA5E0A /* Styles.swift in Sources */,
				ABC93B0B2C9528CA00AA5E0A /* ItemView.swift in Sources */,
				ABC93B0F2C95405F00AA5E0A /* Color-Theme.swift in Sources */,
				ABD4B9DF2C93D7C500FB6E03 /* ContentView.swift in Sources */,
				ABD7B8B92C95A5E100D0E210 /* ProductViewModel.swift in Sources */,
				AB1111372C94F6F400B39613 /* ProductView.swift in Sources */,
				ABD4B9DD2C93D7C500FB6E03 /* AppTeamTechnicalApp.swift in Sources */,
				ABC93B072C95268A00AA5E0A /* MyItemView.swift in Sources */,
				ABD7B8BD2C95A71600D0E210 /* ProductModel.swift in Sources */,
			);
			runOnlyForDeploymentPostprocessing = 0;
		};
/* End PBXSourcesBuildPhase section */

/* Begin XCBuildConfiguration section */
		ABD4B9E52C93D7C700FB6E03 /* Debug */ = {
			isa = XCBuildConfiguration;
			buildSettings = {
				ALWAYS_SEARCH_USER_PATHS = NO;
				ASSETCATALOG_COMPILER_GENERATE_SWIFT_ASSET_SYMBOL_EXTENSIONS = YES;
				CLANG_ANALYZER_NONNULL = YES;
				CLANG_ANALYZER_NUMBER_OBJECT_CONVERSION = YES_AGGRESSIVE;
				CLANG_CXX_LANGUAGE_STANDARD = "gnu++20";
				CLANG_ENABLE_MODULES = YES;
				CLANG_ENABLE_OBJC_ARC = YES;
				CLANG_ENABLE_OBJC_WEAK = YES;
				CLANG_WARN_BLOCK_CAPTURE_AUTORELEASING = YES;
				CLANG_WARN_BOOL_CONVERSION = YES;
				CLANG_WARN_COMMA = YES;
				CLANG_WARN_CONSTANT_CONVERSION = YES;
				CLANG_WARN_DEPRECATED_OBJC_IMPLEMENTATIONS = YES;
				CLANG_WARN_DIRECT_OBJC_ISA_USAGE = YES_ERROR;
				CLANG_WARN_DOCUMENTATION_COMMENTS = YES;
				CLANG_WARN_EMPTY_BODY = YES;
				CLANG_WARN_ENUM_CONVERSION = YES;
				CLANG_WARN_INFINITE_RECURSION = YES;
				CLANG_WARN_INT_CONVERSION = YES;
				CLANG_WARN_NON_LITERAL_NULL_CONVERSION = YES;
				CLANG_WARN_OBJC_IMPLICIT_RETAIN_SELF = YES;
				CLANG_WARN_OBJC_LITERAL_CONVERSION = YES;
				CLANG_WARN_OBJC_ROOT_CLASS = YES_ERROR;
				CLANG_WARN_QUOTED_INCLUDE_IN_FRAMEWORK_HEADER = YES;
				CLANG_WARN_RANGE_LOOP_ANALYSIS = YES;
				CLANG_WARN_STRICT_PROTOTYPES = YES;
				CLANG_WARN_SUSPICIOUS_MOVE = YES;
				CLANG_WARN_UNGUARDED_AVAILABILITY = YES_AGGRESSIVE;
				CLANG_WARN_UNREACHABLE_CODE = YES;
				CLANG_WARN__DUPLICATE_METHOD_MATCH = YES;
				COPY_PHASE_STRIP = NO;
				DEBUG_INFORMATION_FORMAT = dwarf;
				ENABLE_STRICT_OBJC_MSGSEND = YES;
				ENABLE_TESTABILITY = YES;
				ENABLE_USER_SCRIPT_SANDBOXING = YES;
				GCC_C_LANGUAGE_STANDARD = gnu17;
				GCC_DYNAMIC_NO_PIC = NO;
				GCC_NO_COMMON_BLOCKS = YES;
				GCC_OPTIMIZATION_LEVEL = 0;
				GCC_PREPROCESSOR_DEFINITIONS = (
					"DEBUG=1",
					"$(inherited)",
				);
				GCC_WARN_64_TO_32_BIT_CONVERSION = YES;
				GCC_WARN_ABOUT_RETURN_TYPE = YES_ERROR;
				GCC_WARN_UNDECLARED_SELECTOR = YES;
				GCC_WARN_UNINITIALIZED_AUTOS = YES_AGGRESSIVE;
				GCC_WARN_UNUSED_FUNCTION = YES;
				GCC_WARN_UNUSED_VARIABLE = YES;
				IPHONEOS_DEPLOYMENT_TARGET = 17.5;
				LOCALIZATION_PREFERS_STRING_CATALOGS = YES;
				MTL_ENABLE_DEBUG_INFO = INCLUDE_SOURCE;
				MTL_FAST_MATH = YES;
				ONLY_ACTIVE_ARCH = YES;
				SDKROOT = iphoneos;
				SWIFT_ACTIVE_COMPILATION_CONDITIONS = "DEBUG $(inherited)";
				SWIFT_OPTIMIZATION_LEVEL = "-Onone";
			};
			name = Debug;
		};
		ABD4B9E62C93D7C700FB6E03 /* Release */ = {
			isa = XCBuildConfiguration;
			buildSettings = {
				ALWAYS_SEARCH_USER_PATHS = NO;
				ASSETCATALOG_COMPILER_GENERATE_SWIFT_ASSET_SYMBOL_EXTENSIONS = YES;
				CLANG_ANALYZER_NONNULL = YES;
				CLANG_ANALYZER_NUMBER_OBJECT_CONVERSION = YES_AGGRESSIVE;
				CLANG_CXX_LANGUAGE_STANDARD = "gnu++20";
				CLANG_ENABLE_MODULES = YES;
				CLANG_ENABLE_OBJC_ARC = YES;
				CLANG_ENABLE_OBJC_WEAK = YES;
				CLANG_WARN_BLOCK_CAPTURE_AUTORELEASING = YES;
				CLANG_WARN_BOOL_CONVERSION = YES;
				CLANG_WARN_COMMA = YES;
				CLANG_WARN_CONSTANT_CONVERSION = YES;
				CLANG_WARN_DEPRECATED_OBJC_IMPLEMENTATIONS = YES;
				CLANG_WARN_DIRECT_OBJC_ISA_USAGE = YES_ERROR;
				CLANG_WARN_DOCUMENTATION_COMMENTS = YES;
				CLANG_WARN_EMPTY_BODY = YES;
				CLANG_WARN_ENUM_CONVERSION = YES;
				CLANG_WARN_INFINITE_RECURSION = YES;
				CLANG_WARN_INT_CONVERSION = YES;
				CLANG_WARN_NON_LITERAL_NULL_CONVERSION = YES;
				CLANG_WARN_OBJC_IMPLICIT_RETAIN_SELF = YES;
				CLANG_WARN_OBJC_LITERAL_CONVERSION = YES;
				CLANG_WARN_OBJC_ROOT_CLASS = YES_ERROR;
				CLANG_WARN_QUOTED_INCLUDE_IN_FRAMEWORK_HEADER = YES;
				CLANG_WARN_RANGE_LOOP_ANALYSIS = YES;
				CLANG_WARN_STRICT_PROTOTYPES = YES;
				CLANG_WARN_SUSPICIOUS_MOVE = YES;
				CLANG_WARN_UNGUARDED_AVAILABILITY = YES_AGGRESSIVE;
				CLANG_WARN_UNREACHABLE_CODE = YES;
				CLANG_WARN__DUPLICATE_METHOD_MATCH = YES;
				COPY_PHASE_STRIP = NO;
				DEBUG_INFORMATION_FORMAT = "dwarf-with-dsym";
				ENABLE_NS_ASSERTIONS = NO;
				ENABLE_STRICT_OBJC_MSGSEND = YES;
				ENABLE_USER_SCRIPT_SANDBOXING = YES;
				GCC_C_LANGUAGE_STANDARD = gnu17;
				GCC_NO_COMMON_BLOCKS = YES;
				GCC_WARN_64_TO_32_BIT_CONVERSION = YES;
				GCC_WARN_ABOUT_RETURN_TYPE = YES_ERROR;
				GCC_WARN_UNDECLARED_SELECTOR = YES;
				GCC_WARN_UNINITIALIZED_AUTOS = YES_AGGRESSIVE;
				GCC_WARN_UNUSED_FUNCTION = YES;
				GCC_WARN_UNUSED_VARIABLE = YES;
				IPHONEOS_DEPLOYMENT_TARGET = 17.5;
				LOCALIZATION_PREFERS_STRING_CATALOGS = YES;
				MTL_ENABLE_DEBUG_INFO = NO;
				MTL_FAST_MATH = YES;
				SDKROOT = iphoneos;
				SWIFT_COMPILATION_MODE = wholemodule;
				VALIDATE_PRODUCT = YES;
			};
			name = Release;
		};
		ABD4B9E82C93D7C700FB6E03 /* Debug */ = {
			isa = XCBuildConfiguration;
			buildSettings = {
				ASSETCATALOG_COMPILER_APPICON_NAME = AppIcon;
				ASSETCATALOG_COMPILER_GLOBAL_ACCENT_COLOR_NAME = AccentColor;
				CODE_SIGN_STYLE = Automatic;
				CURRENT_PROJECT_VERSION = 1;
				DEVELOPMENT_ASSET_PATHS = "\"AppTeamTechnical/Preview Content\"";
				ENABLE_PREVIEWS = YES;
				GENERATE_INFOPLIST_FILE = YES;
				INFOPLIST_KEY_UIApplicationSceneManifest_Generation = YES;
				INFOPLIST_KEY_UIApplicationSupportsIndirectInputEvents = YES;
				INFOPLIST_KEY_UILaunchScreen_Generation = YES;
				INFOPLIST_KEY_UISupportedInterfaceOrientations_iPad = "UIInterfaceOrientationPortrait UIInterfaceOrientationPortraitUpsideDown UIInterfaceOrientationLandscapeLeft UIInterfaceOrientationLandscapeRight";
				INFOPLIST_KEY_UISupportedInterfaceOrientations_iPhone = "UIInterfaceOrientationPortrait UIInterfaceOrientationLandscapeLeft UIInterfaceOrientationLandscapeRight";
				LD_RUNPATH_SEARCH_PATHS = (
					"$(inherited)",
					"@executable_path/Frameworks",
				);
				MARKETING_VERSION = 1.0;
				PRODUCT_BUNDLE_IDENTIFIER = me.f.alex.AppTeamTechnical;
				PRODUCT_NAME = "$(TARGET_NAME)";
				SWIFT_EMIT_LOC_STRINGS = YES;
				SWIFT_VERSION = 5.0;
				TARGETED_DEVICE_FAMILY = "1,2";
			};
			name = Debug;
		};
		ABD4B9E92C93D7C700FB6E03 /* Release */ = {
			isa = XCBuildConfiguration;
			buildSettings = {
				ASSETCATALOG_COMPILER_APPICON_NAME = AppIcon;
				ASSETCATALOG_COMPILER_GLOBAL_ACCENT_COLOR_NAME = AccentColor;
				CODE_SIGN_STYLE = Automatic;
				CURRENT_PROJECT_VERSION = 1;
				DEVELOPMENT_ASSET_PATHS = "\"AppTeamTechnical/Preview Content\"";
				ENABLE_PREVIEWS = YES;
				GENERATE_INFOPLIST_FILE = YES;
				INFOPLIST_KEY_UIApplicationSceneManifest_Generation = YES;
				INFOPLIST_KEY_UIApplicationSupportsIndirectInputEvents = YES;
				INFOPLIST_KEY_UILaunchScreen_Generation = YES;
				INFOPLIST_KEY_UISupportedInterfaceOrientations_iPad = "UIInterfaceOrientationPortrait UIInterfaceOrientationPortraitUpsideDown UIInterfaceOrientationLandscapeLeft UIInterfaceOrientationLandscapeRight";
				INFOPLIST_KEY_UISupportedInterfaceOrientations_iPhone = "UIInterfaceOrientationPortrait UIInterfaceOrientationLandscapeLeft UIInterfaceOrientationLandscapeRight";
				LD_RUNPATH_SEARCH_PATHS = (
					"$(inherited)",
					"@executable_path/Frameworks",
				);
				MARKETING_VERSION = 1.0;
				PRODUCT_BUNDLE_IDENTIFIER = me.f.alex.AppTeamTechnical;
				PRODUCT_NAME = "$(TARGET_NAME)";
				SWIFT_EMIT_LOC_STRINGS = YES;
				SWIFT_VERSION = 5.0;
				TARGETED_DEVICE_FAMILY = "1,2";
			};
			name = Release;
		};
/* End XCBuildConfiguration section */

/* Begin XCConfigurationList section */
		ABD4B9D42C93D7C500FB6E03 /* Build configuration list for PBXProject "AppTeamTechnical" */ = {
			isa = XCConfigurationList;
			buildConfigurations = (
				ABD4B9E52C93D7C700FB6E03 /* Debug */,
				ABD4B9E62C93D7C700FB6E03 /* Release */,
			);
			defaultConfigurationIsVisible = 0;
			defaultConfigurationName = Release;
		};
		ABD4B9E72C93D7C700FB6E03 /* Build configuration list for PBXNativeTarget "AppTeamTechnical" */ = {
			isa = XCConfigurationList;
			buildConfigurations = (
				ABD4B9E82C93D7C700FB6E03 /* Debug */,
				ABD4B9E92C93D7C700FB6E03 /* Release */,
			);
			defaultConfigurationIsVisible = 0;
			defaultConfigurationName = Release;
		};
/* End XCConfigurationList section */
	};
	rootObject = ABD4B9D12C93D7C500FB6E03 /* Project object */;
}
